# This file is autogenerated, do not edit; changes may be undone by the next 'dep ensure'.


[[projects]]
  name = "github.com/PuerkitoBio/goquery"
  packages = ["."]
  revision = "09540e565986583836b5fc792fe951ec5fd201dd"
  version = "v1.3.0"

[[projects]]
  name = "github.com/andybalholm/cascadia"
  packages = ["."]
  revision = "901648c87902174f774fac311d7f176f8647bdaa"
  version = "v1.0.0"

[[projects]]
  name = "github.com/google/go-github"
  packages = ["github"]
  revision = "922ceac0585d40f97d283d921f872fc50480e06e"

[[projects]]
  branch = "master"
  name = "github.com/google/go-querystring"
  packages = ["query"]
  revision = "53e6ce116135b80d037921a7fdd5138cf32d7a8a"

[[projects]]
  branch = "master"
  name = "github.com/microcosm-cc/bluemonday"
  packages = ["."]
  revision = "542fd4642604d0d0c26112396ce5b1a9d01eee0b"

[[projects]]
  name = "github.com/mmcdole/gofeed"
  packages = [
    ".",
    "atom",
    "extensions",
    "internal/shared",
    "rss"
  ]
  revision = "42010a154d249f5f753dfe03a6390b59671e403e"
  version = "v1.0.0-beta2"

[[projects]]
  branch = "master"
  name = "github.com/mmcdole/goxpp"
  packages = ["."]
  revision = "77e4a51a73ed99ee3f33c1474dc166866304acbd"

[[projects]]
  name = "github.com/pkg/errors"
  packages = ["."]
  revision = "e881fd58d78e04cf6d0de1217f8707c8cc2249bc"

[[projects]]
  branch = "master"
  name = "golang.org/x/net"
  packages = [
    "html",
    "html/atom",
    "html/charset"
  ]
  revision = "22ae77b79946ea320088417e4d50825671d82d57"

[[projects]]
  name = "golang.org/x/text"
  packages = [
    "encoding",
    "encoding/charmap",
    "encoding/htmlindex",
    "encoding/internal",
    "encoding/internal/identifier",
    "encoding/japanese",
    "encoding/korean",
    "encoding/simplifiedchinese",
    "encoding/traditionalchinese",
    "encoding/unicode",
    "internal/gen",
    "internal/tag",
    "internal/utf8internal",
    "language",
    "runes",
    "transform",
    "unicode/cldr"
  ]
  revision = "f21a4dfb5e38f5895301dc265a8def02365cc3d0"
  version = "v0.3.0"

[[projects]]
  name = "gopkg.in/mailgun/mailgun-go.v1"
  packages = ["."]
  revision = "a4002e2df2e8ca2da6a6fbb4a72871b504e49f50"
  version = "v1.1.0"

[solve-meta]
  analyzer-name = "dep"
  analyzer-version = 1
  inputs-digest = "faeebb836470361ae77332edebefbf445c976cc25d053af25dada934d533e707"
  solver-name = "gps-cdcl"
  solver-version = 1
